
Microsoft Visual Studio Solution File, Format Version 12.00
# Visual Studio 2015
Project("{FAE04EC0-301F-11D3-BF4B-00C04F79EFBC}") = "MyUnityFrameWork", "MyUnityFrameWork.csproj", "{ABFBABB2-283E-1E99-61C5-022759A18D50}"
EndProject
Project("{FAE04EC0-301F-11D3-BF4B-00C04F79EFBC}") = "MyUnityFrameWork.Editor", "MyUnityFrameWork.Editor.csproj", "{FA8EAF95-51DC-2C4B-130A-14AAC9052B59}"
EndProject
Global
	GlobalSection(SolutionConfigurationPlatforms) = preSolution
		Debug|Any CPU = Debug|Any CPU
		Release|Any CPU = Release|Any CPU
	EndGlobalSection
	GlobalSection(ProjectConfigurationPlatforms) = postSolution
		{ABFBABB2-283E-1E99-61C5-022759A18D50}.Debug|Any CPU.ActiveCfg = Debug|Any CPU
		{ABFBABB2-283E-1E99-61C5-022759A18D50}.Debug|Any CPU.Build.0 = Debug|Any CPU
		{ABFBABB2-283E-1E99-61C5-022759A18D50}.Release|Any CPU.ActiveCfg = Release|Any CPU
		{ABFBABB2-283E-1E99-61C5-022759A18D50}.Release|Any CPU.Build.0 = Release|Any CPU
		{FA8EAF95-51DC-2C4B-130A-14AAC9052B59}.Debug|Any CPU.ActiveCfg = Debug|Any CPU
		{FA8EAF95-51DC-2C4B-130A-14AAC9052B59}.Debug|Any CPU.Build.0 = Debug|Any CPU
		{FA8EAF95-51DC-2C4B-130A-14AAC9052B59}.Release|Any CPU.ActiveCfg = Release|Any CPU
		{FA8EAF95-51DC-2C4B-130A-14AAC9052B59}.Release|Any CPU.Build.0 = Release|Any CPU
	EndGlobalSection
	GlobalSection(SolutionProperties) = preSolution
		HideSolutionNode = FALSE
	EndGlobalSection
EndGlobal
